
Microsoft Visual Studio Solution File, Format Version 12.00
# Visual Studio Version 16
VisualStudioVersion = 16.0.30011.22
MinimumVisualStudioVersion = 10.0.40219.1
Project("{FAE04EC0-301F-11D3-BF4B-00C04F79EFBC}") = "swe1kommexam", "swe1kommexam\swe1kommexam.csproj", "{798F7336-049B-470B-BD52-D637FFCF509A}"
EndProject
Global
	GlobalSection(SolutionConfigurationPlatforms) = preSolution
		Debug|Any CPU = Debug|Any CPU
		Release|Any CPU = Release|Any CPU
	EndGlobalSection
	GlobalSection(ProjectConfigurationPlatforms) = postSolution
		{798F7336-049B-470B-BD52-D637FFCF509A}.Debug|Any CPU.ActiveCfg = Debug|Any CPU
		{798F7336-049B-470B-BD52-D637FFCF509A}.Debug|Any CPU.Build.0 = Debug|Any CPU
		{798F7336-049B-470B-BD52-D637FFCF509A}.Release|Any CPU.ActiveCfg = Release|Any CPU
		{798F7336-049B-470B-BD52-D637FFCF509A}.Release|Any CPU.Build.0 = Release|Any CPU
	EndGlobalSection
	GlobalSection(SolutionProperties) = preSolution
		HideSolutionNode = FALSE
	EndGlobalSection
	GlobalSection(ExtensibilityGlobals) = postSolution
		SolutionGuid = {0AFE881C-C669-49FD-97AC-B77C0AC6EAF8}
	EndGlobalSection
EndGlobal
